Microsoft Visual Studio Solution File, Format Version 12.00
# Visual Studio Version 17
VisualStudioVersion = 17.5.2.0
MinimumVisualStudioVersion = 10.0.40219.1
Project("{FAE04EC0-301F-11D3-BF4B-00C04F79EFBC}") = "CoffeeShopDay1", "CoffeeShopDay1\CoffeeShopDay1.csproj", "{96D2DD9F-C32E-14AA-610F-BF294621811A}"
EndProject
Global
	GlobalSection(SolutionConfigurationPlatforms) = preSolution
		Debug|Any CPU = Debug|Any CPU
		Release|Any CPU = Release|Any CPU
	EndGlobalSection
	GlobalSection(ProjectConfigurationPlatforms) = postSolution
		{96D2DD9F-C32E-14AA-610F-BF294621811A}.Debug|Any CPU.ActiveCfg = Debug|Any CPU
		{96D2DD9F-C32E-14AA-610F-BF294621811A}.Debug|Any CPU.Build.0 = Debug|Any CPU
		{96D2DD9F-C32E-14AA-610F-BF294621811A}.Release|Any CPU.ActiveCfg = Release|Any CPU
		{96D2DD9F-C32E-14AA-610F-BF294621811A}.Release|Any CPU.Build.0 = Release|Any CPU
	EndGlobalSection
	GlobalSection(SolutionProperties) = preSolution
		HideSolutionNode = FALSE
	EndGlobalSection
	GlobalSection(ExtensibilityGlobals) = postSolution
		SolutionGuid = {A8B3749C-6F83-4905-8B1D-1D6E22A5896B}
	EndGlobalSection
EndGlobal
